
Microsoft Visual Studio Solution File, Format Version 12.00
# Visual Studio Version 17
VisualStudioVersion = 17.5.33516.290
MinimumVisualStudioVersion = 10.0.40219.1
Project("{8BC9CEB8-8B4A-11D0-8D11-00A0C91BC942}") = "day7-sv", "day7-sv.vcxproj", "{EAD2AC9D-2DC1-4452-A2F7-0DB3F473306F}"
EndProject
Global
	GlobalSection(SolutionConfigurationPlatforms) = preSolution
		Debug|x64 = Debug|x64
		Debug|x86 = Debug|x86
		Release|x64 = Release|x64
		Release|x86 = Release|x86
	EndGlobalSection
	GlobalSection(ProjectConfigurationPlatforms) = postSolution
		{EAD2AC9D-2DC1-4452-A2F7-0DB3F473306F}.Debug|x64.ActiveCfg = Debug|x64
		{EAD2AC9D-2DC1-4452-A2F7-0DB3F473306F}.Debug|x64.Build.0 = Debug|x64
		{EAD2AC9D-2DC1-4452-A2F7-0DB3F473306F}.Debug|x86.ActiveCfg = Debug|Win32
		{EAD2AC9D-2DC1-4452-A2F7-0DB3F473306F}.Debug|x86.Build.0 = Debug|Win32
		{EAD2AC9D-2DC1-4452-A2F7-0DB3F473306F}.Release|x64.ActiveCfg = Release|x64
		{EAD2AC9D-2DC1-4452-A2F7-0DB3F473306F}.Release|x64.Build.0 = Release|x64
		{EAD2AC9D-2DC1-4452-A2F7-0DB3F473306F}.Release|x86.ActiveCfg = Release|Win32
		{EAD2AC9D-2DC1-4452-A2F7-0DB3F473306F}.Release|x86.Build.0 = Release|Win32
	EndGlobalSection
	GlobalSection(SolutionProperties) = preSolution
		HideSolutionNode = FALSE
	EndGlobalSection
	GlobalSection(ExtensibilityGlobals) = postSolution
		SolutionGuid = {2EDE79C0-25BB-4661-A3F4-3B0C6AEFE626}
	EndGlobalSection
EndGlobal
